
Microsoft Visual Studio Solution File, Format Version 12.00
# Visual Studio Version 16
VisualStudioVersion = 16.0.29911.84
MinimumVisualStudioVersion = 10.0.40219.1
Project("{FAE04EC0-301F-11D3-BF4B-00C04F79EFBC}") = "WebApplication1", "WebApplication1\WebApplication1.csproj", "{B10DED08-A167-4E52-A11E-3253BC9BFDB3}"
EndProject
Global
	GlobalSection(SolutionConfigurationPlatforms) = preSolution
		Debug|Any CPU = Debug|Any CPU
		Release|Any CPU = Release|Any CPU
	EndGlobalSection
	GlobalSection(ProjectConfigurationPlatforms) = postSolution
		{B10DED08-A167-4E52-A11E-3253BC9BFDB3}.Debug|Any CPU.ActiveCfg = Debug|Any CPU
		{B10DED08-A167-4E52-A11E-3253BC9BFDB3}.Debug|Any CPU.Build.0 = Debug|Any CPU
		{B10DED08-A167-4E52-A11E-3253BC9BFDB3}.Release|Any CPU.ActiveCfg = Release|Any CPU
		{B10DED08-A167-4E52-A11E-3253BC9BFDB3}.Release|Any CPU.Build.0 = Release|Any CPU
	EndGlobalSection
	GlobalSection(SolutionProperties) = preSolution
		HideSolutionNode = FALSE
	EndGlobalSection
	GlobalSection(ExtensibilityGlobals) = postSolution
		SolutionGuid = {049902BB-61CF-411A-8BA6-D062D2827AAF}
	EndGlobalSection
EndGlobal
